
Microsoft Visual Studio Solution File, Format Version 12.00
# Visual Studio Version 17
VisualStudioVersion = 17.14.36518.9
MinimumVisualStudioVersion = 10.0.40219.1
Project("{FAE04EC0-301F-11D3-BF4B-00C04F79EFBC}") = "LearningEF.Api", "LearningEF.Api\LearningEF.Api.csproj", "{8B5225FB-A44F-32B1-C5E1-172596368E7E}"
EndProject
Global
	GlobalSection(SolutionConfigurationPlatforms) = preSolution
		Debug|Any CPU = Debug|Any CPU
		Release|Any CPU = Release|Any CPU
	EndGlobalSection
	GlobalSection(ProjectConfigurationPlatforms) = postSolution
		{8B5225FB-A44F-32B1-C5E1-172596368E7E}.Debug|Any CPU.ActiveCfg = Debug|Any CPU
		{8B5225FB-A44F-32B1-C5E1-172596368E7E}.Debug|Any CPU.Build.0 = Debug|Any CPU
		{8B5225FB-A44F-32B1-C5E1-172596368E7E}.Release|Any CPU.ActiveCfg = Release|Any CPU
		{8B5225FB-A44F-32B1-C5E1-172596368E7E}.Release|Any CPU.Build.0 = Release|Any CPU
	EndGlobalSection
	GlobalSection(SolutionProperties) = preSolution
		HideSolutionNode = FALSE
	EndGlobalSection
	GlobalSection(ExtensibilityGlobals) = postSolution
		SolutionGuid = {20163001-0A04-4472-9CF2-59FD1BF5B7C6}
	EndGlobalSection
EndGlobal
